github.com/aws-samples/aws-step-functions-long-lived-transactions v0.0.0-20181206130938-15ede01b263e h1:5EbZ4g838bKk0tk4ZcGoDPdmiljKnL9uzAwN7hx1QxM=
github.com/aws-samples/aws-step-functions-long-lived-transactions v0.0.0-20181206130938-15ede01b263e/go.mod h1:NcCXwbR/jKk6Jdq1lxnq2YEDYOeySacXZRby+nwRP4A=
github.com/aws/aws-lambda-go v1.9.0 h1:r9TWtk8ozLYdMW+aelUeWny8z2mjghJCMx6/uUwOLNo=
github.com/aws/aws-lambda-go v1.9.0/go.mod h1:zUsUQhAUjYzR8AuduJPCfhBuKWUaDbQiPOG+ouzmE1A=
github.com/aws/aws-sdk-go v1.19.0 h1:3d9Htr/dl/+8xJYx/fpjEifvfpabZB1YUu61i/WX87Q=
github.com/aws/aws-sdk-go v1.19.0/go.mod h1:KmX6BPdI08NWTb3/sm4ZGu5ShLoqVDhKgpiN924inxo=
github.com/aws/aws-xray-sdk-go v0.9.4 h1:3mtFCrgFR5IefmWFV5pscHp9TTyOWuqaIKJIY0d1Y4g=
github.com/aws/aws-xray-sdk-go v0.9.4/go.mod h1:XtMKdBQfpVut+tJEwI7+dJFRxxRdxHDyVNp2tHXRq04=
github.com/jmespath/go-jmespath v0.0.0-20180206201540-c2b33e8439af/go.mod h1:Nht3zPeWKUH0NzdCt2Blrr5ys8VGpn0CEB0cQHVjt7k=
